
Microsoft Visual Studio Solution File, Format Version 12.00
# Visual Studio Version 17
VisualStudioVersion = 17.5.33502.453
MinimumVisualStudioVersion = 10.0.40219.1
Project("{FAE04EC0-301F-11D3-BF4B-00C04F79EFBC}") = "prjVocabulary", "prjVocabulary\prjVocabulary.csproj", "{437E5A1E-F2D8-4391-A65F-1D9EF3D5FB98}"
EndProject
Global
	GlobalSection(SolutionConfigurationPlatforms) = preSolution
		Debug|Any CPU = Debug|Any CPU
		Release|Any CPU = Release|Any CPU
	EndGlobalSection
	GlobalSection(ProjectConfigurationPlatforms) = postSolution
		{437E5A1E-F2D8-4391-A65F-1D9EF3D5FB98}.Debug|Any CPU.ActiveCfg = Debug|Any CPU
		{437E5A1E-F2D8-4391-A65F-1D9EF3D5FB98}.Debug|Any CPU.Build.0 = Debug|Any CPU
		{437E5A1E-F2D8-4391-A65F-1D9EF3D5FB98}.Release|Any CPU.ActiveCfg = Release|Any CPU
		{437E5A1E-F2D8-4391-A65F-1D9EF3D5FB98}.Release|Any CPU.Build.0 = Release|Any CPU
	EndGlobalSection
	GlobalSection(SolutionProperties) = preSolution
		HideSolutionNode = FALSE
	EndGlobalSection
	GlobalSection(ExtensibilityGlobals) = postSolution
		SolutionGuid = {0B066085-6C54-4B91-8AB6-88343816C9F0}
	EndGlobalSection
EndGlobal
